<?xml version="1.0" encoding="utf-8"?>
<Project ToolsVersion="4.0" xmlns="http://schemas.microsoft.com/developer/msbuild/2003">
  <ItemGroup>
    <Filter Include="源文件">
      <UniqueIdentifier>{4FC737F1-C7A5-4376-A066-2A32D752A2FF}</UniqueIdentifier>
      <Extensions>cpp;c;cc;cxx;def;odl;idl;hpj;bat;asm;asmx</Extensions>
    </Filter>
    <Filter Include="头文件">
      <UniqueIdentifier>{93995380-89BD-4b04-88EB-625FBE52EBFB}</UniqueIdentifier>
      <Extensions>h;hh;hpp;hxx;hm;inl;inc;xsd</Extensions>
    </Filter>
    <Filter Include="资源文件">
      <UniqueIdentifier>{67DA6AB6-F800-4c08-8B7A-83BB121AAD01}</UniqueIdentifier>
      <Extensions>rc;ico;cur;bmp;dlg;rc2;rct;bin;rgs;gif;jpg;jpeg;jpe;resx;tiff;tif;png;wav;mfcribbon-ms</Extensions>
    </Filter>
    <Filter Include="头文件\libuv">
      <UniqueIdentifier>{1d00b9a7-cb89-4dcf-9fe7-facfa650902c}</UniqueIdentifier>
    </Filter>
  </ItemGroup>
  <ItemGroup>
    <Text Include="ReadMe.txt" />
  </ItemGroup>
  <ItemGroup>
    <ClCompile Include="..\..\libuv_server\CommanDef.cpp">
      <Filter>源文件</Filter>
    </ClCompile>
    <ClCompile Include="..\..\libuv_server\main.cpp">
      <Filter>源文件</Filter>
    </ClCompile>
    <ClCompile Include="..\..\libuv_server\myLibuvServer.cpp">
      <Filter>源文件</Filter>
    </ClCompile>
  </ItemGroup>
  <ItemGroup>
    <ClInclude Include="include\tree.h">
      <Filter>头文件\libuv</Filter>
    </ClInclude>
    <ClInclude Include="include\uv.h">
      <Filter>头文件\libuv</Filter>
    </ClInclude>
    <ClInclude Include="include\uv-errno.h">
      <Filter>头文件\libuv</Filter>
    </ClInclude>
    <ClInclude Include="include\uv-threadpool.h">
      <Filter>头文件\libuv</Filter>
    </ClInclude>
    <ClInclude Include="include\uv-version.h">
      <Filter>头文件\libuv</Filter>
    </ClInclude>
    <ClInclude Include="include\uv-win.h">
      <Filter>头文件\libuv</Filter>
    </ClInclude>
    <ClInclude Include="..\..\libuv_server\CommanDef.hpp">
      <Filter>头文件</Filter>
    </ClInclude>
    <ClInclude Include="..\..\libuv_server\easylogging++.h">
      <Filter>头文件</Filter>
    </ClInclude>
    <ClInclude Include="..\..\libuv_server\myLibuvServer.hpp">
      <Filter>头文件</Filter>
    </ClInclude>
  </ItemGroup>
</Project>